{
    __meta__ = {
        version = "1.0"
    },
    ["windows|x64"] = {
        ["vcpkg::asio#f56260b5"] = {
            version = "latest"
        },
        ["vcpkg::libwebp#f56260b5"] = {
            version = "latest"
        },
        ["vcpkg::reflectcpp#f56260b5"] = {
            version = "latest"
        },
        ["vcpkg::spdlog#f56260b5"] = {
            version = "latest"
        },
        ["vcpkg::sqlitecpp#f56260b5"] = {
            version = "latest"
        },
        ["vcpkg::uwebsockets#f56260b5"] = {
            version = "latest"
        },
        ["vcpkg::webview2#f56260b5"] = {
            version = "latest"
        },
        ["vcpkg::wil#f56260b5"] = {
            version = "latest"
        },
        ["vcpkg::xxhash#f56260b5"] = {
            version = "latest"
        },
        ["vcpkg::zlib#f56260b5"] = {
            version = "latest"
        }
    }
}